
Microsoft Visual Studio Solution File, Format Version 12.00
# Visual Studio 2015
Project("{FAE04EC0-301F-11D3-BF4B-00C04F79EFBC}") = "GFIDLE.CSharp", "GFIDLE.CSharp.csproj", "{7624CDF5-1530-D6B8-FD9A-4A76CA54145F}"
EndProject
Global
	GlobalSection(SolutionConfigurationPlatforms) = preSolution
		Debug|Any CPU = Debug|Any CPU
		Release|Any CPU = Release|Any CPU
	EndGlobalSection
	GlobalSection(ProjectConfigurationPlatforms) = postSolution
		{7624CDF5-1530-D6B8-FD9A-4A76CA54145F}.Debug|Any CPU.ActiveCfg = Debug|Any CPU
		{7624CDF5-1530-D6B8-FD9A-4A76CA54145F}.Debug|Any CPU.Build.0 = Debug|Any CPU
		{7624CDF5-1530-D6B8-FD9A-4A76CA54145F}.Release|Any CPU.ActiveCfg = Release|Any CPU
		{7624CDF5-1530-D6B8-FD9A-4A76CA54145F}.Release|Any CPU.Build.0 = Release|Any CPU
	EndGlobalSection
	GlobalSection(SolutionProperties) = preSolution
		HideSolutionNode = FALSE
	EndGlobalSection
EndGlobal
